
Microsoft Visual Studio Solution File, Format Version 12.00
# Visual Studio Version 17
VisualStudioVersion = 17.1.32210.238
MinimumVisualStudioVersion = 10.0.40219.1
Project("{FAE04EC0-301F-11D3-BF4B-00C04F79EFBC}") = "L6_312", "L6_312\L6_312.csproj", "{6C16567A-C4AA-4612-B1EF-ADE3603FA7B0}"
EndProject
Project("{FAE04EC0-301F-11D3-BF4B-00C04F79EFBC}") = "L6_312_Reader", "L6_312_Reader\L6_312_Reader.csproj", "{791DAE2C-AADA-4185-A829-46A79E02667D}"
EndProject
Project("{FAE04EC0-301F-11D3-BF4B-00C04F79EFBC}") = "L6_312_Writer", "L6_312_Writer\L6_312_Writer.csproj", "{E6D9F289-CDCA-479A-A457-A084E48D971C}"
EndProject
Global
	GlobalSection(SolutionConfigurationPlatforms) = preSolution
		Debug|Any CPU = Debug|Any CPU
		Release|Any CPU = Release|Any CPU
	EndGlobalSection
	GlobalSection(ProjectConfigurationPlatforms) = postSolution
		{6C16567A-C4AA-4612-B1EF-ADE3603FA7B0}.Debug|Any CPU.ActiveCfg = Debug|Any CPU
		{6C16567A-C4AA-4612-B1EF-ADE3603FA7B0}.Debug|Any CPU.Build.0 = Debug|Any CPU
		{6C16567A-C4AA-4612-B1EF-ADE3603FA7B0}.Release|Any CPU.ActiveCfg = Release|Any CPU
		{6C16567A-C4AA-4612-B1EF-ADE3603FA7B0}.Release|Any CPU.Build.0 = Release|Any CPU
		{791DAE2C-AADA-4185-A829-46A79E02667D}.Debug|Any CPU.ActiveCfg = Debug|Any CPU
		{791DAE2C-AADA-4185-A829-46A79E02667D}.Debug|Any CPU.Build.0 = Debug|Any CPU
		{791DAE2C-AADA-4185-A829-46A79E02667D}.Release|Any CPU.ActiveCfg = Release|Any CPU
		{791DAE2C-AADA-4185-A829-46A79E02667D}.Release|Any CPU.Build.0 = Release|Any CPU
		{E6D9F289-CDCA-479A-A457-A084E48D971C}.Debug|Any CPU.ActiveCfg = Debug|Any CPU
		{E6D9F289-CDCA-479A-A457-A084E48D971C}.Debug|Any CPU.Build.0 = Debug|Any CPU
		{E6D9F289-CDCA-479A-A457-A084E48D971C}.Release|Any CPU.ActiveCfg = Release|Any CPU
		{E6D9F289-CDCA-479A-A457-A084E48D971C}.Release|Any CPU.Build.0 = Release|Any CPU
	EndGlobalSection
	GlobalSection(SolutionProperties) = preSolution
		HideSolutionNode = FALSE
	EndGlobalSection
	GlobalSection(ExtensibilityGlobals) = postSolution
		SolutionGuid = {56EF0412-1BE0-45B6-B982-01BB78037E14}
	EndGlobalSection
EndGlobal
